
Microsoft Visual Studio Solution File, Format Version 12.00
# Visual Studio Version 17
VisualStudioVersion = 17.4.33110.190
MinimumVisualStudioVersion = 10.0.40219.1
Project("{9A19103F-16F7-4668-BE54-9A1E7A4F7556}") = "Mc2.CrudTest.AcceptanceTests", "Mc2.CrudTest.AcceptanceTests\Mc2.CrudTest.AcceptanceTests.csproj", "{00E0E714-1EB4-4B62-950F-AE7C3BFD6766}"
EndProject
Project("{9A19103F-16F7-4668-BE54-9A1E7A4F7556}") = "Mc2.CrudTest.Domain", "Mc2.CrudTest.Domain\Mc2.CrudTest.Domain.csproj", "{568E1821-A7D5-4DEA-BD61-48D20C6D98B6}"
EndProject
Project("{9A19103F-16F7-4668-BE54-9A1E7A4F7556}") = "Mc2.CrudTest.Infrastructure", "Mc2.CrudTest.Infrastructure\Mc2.CrudTest.Infrastructure.csproj", "{B6C49211-4E06-4461-9C8E-E5E599078819}"
EndProject
Project("{9A19103F-16F7-4668-BE54-9A1E7A4F7556}") = "Mc2.CrudTest.Application", "Mc2.CrudTest.Application\Mc2.CrudTest.Application.csproj", "{16977BCB-9E64-4826-A73A-D5D701AFD1B7}"
EndProject
Project("{9A19103F-16F7-4668-BE54-9A1E7A4F7556}") = "Mc2.CrudTest.Api", "Mc2.CrudTest.Api\Mc2.CrudTest.Api.csproj", "{F0E80EC6-784C-41A7-A641-022F8740C6D8}"
EndProject
Project("{E53339B2-1760-4266-BCC7-CA923CBCF16C}") = "docker-compose", "docker-compose.dcproj", "{B2660669-3899-4159-8B5A-D2FD414DCD74}"
EndProject
Global
	GlobalSection(SolutionConfigurationPlatforms) = preSolution
		Debug|Any CPU = Debug|Any CPU
		Release|Any CPU = Release|Any CPU
	EndGlobalSection
	GlobalSection(ProjectConfigurationPlatforms) = postSolution
		{00E0E714-1EB4-4B62-950F-AE7C3BFD6766}.Debug|Any CPU.ActiveCfg = Debug|Any CPU
		{00E0E714-1EB4-4B62-950F-AE7C3BFD6766}.Debug|Any CPU.Build.0 = Debug|Any CPU
		{00E0E714-1EB4-4B62-950F-AE7C3BFD6766}.Release|Any CPU.ActiveCfg = Release|Any CPU
		{00E0E714-1EB4-4B62-950F-AE7C3BFD6766}.Release|Any CPU.Build.0 = Release|Any CPU
		{568E1821-A7D5-4DEA-BD61-48D20C6D98B6}.Debug|Any CPU.ActiveCfg = Debug|Any CPU
		{568E1821-A7D5-4DEA-BD61-48D20C6D98B6}.Debug|Any CPU.Build.0 = Debug|Any CPU
		{568E1821-A7D5-4DEA-BD61-48D20C6D98B6}.Release|Any CPU.ActiveCfg = Release|Any CPU
		{568E1821-A7D5-4DEA-BD61-48D20C6D98B6}.Release|Any CPU.Build.0 = Release|Any CPU
		{B6C49211-4E06-4461-9C8E-E5E599078819}.Debug|Any CPU.ActiveCfg = Debug|Any CPU
		{B6C49211-4E06-4461-9C8E-E5E599078819}.Debug|Any CPU.Build.0 = Debug|Any CPU
		{B6C49211-4E06-4461-9C8E-E5E599078819}.Release|Any CPU.ActiveCfg = Release|Any CPU
		{B6C49211-4E06-4461-9C8E-E5E599078819}.Release|Any CPU.Build.0 = Release|Any CPU
		{16977BCB-9E64-4826-A73A-D5D701AFD1B7}.Debug|Any CPU.ActiveCfg = Debug|Any CPU
		{16977BCB-9E64-4826-A73A-D5D701AFD1B7}.Debug|Any CPU.Build.0 = Debug|Any CPU
		{16977BCB-9E64-4826-A73A-D5D701AFD1B7}.Release|Any CPU.ActiveCfg = Release|Any CPU
		{16977BCB-9E64-4826-A73A-D5D701AFD1B7}.Release|Any CPU.Build.0 = Release|Any CPU
		{F0E80EC6-784C-41A7-A641-022F8740C6D8}.Debug|Any CPU.ActiveCfg = Debug|Any CPU
		{F0E80EC6-784C-41A7-A641-022F8740C6D8}.Debug|Any CPU.Build.0 = Debug|Any CPU
		{F0E80EC6-784C-41A7-A641-022F8740C6D8}.Release|Any CPU.ActiveCfg = Release|Any CPU
		{F0E80EC6-784C-41A7-A641-022F8740C6D8}.Release|Any CPU.Build.0 = Release|Any CPU
		{B2660669-3899-4159-8B5A-D2FD414DCD74}.Debug|Any CPU.ActiveCfg = Debug|Any CPU
		{B2660669-3899-4159-8B5A-D2FD414DCD74}.Debug|Any CPU.Build.0 = Debug|Any CPU
		{B2660669-3899-4159-8B5A-D2FD414DCD74}.Release|Any CPU.ActiveCfg = Release|Any CPU
		{B2660669-3899-4159-8B5A-D2FD414DCD74}.Release|Any CPU.Build.0 = Release|Any CPU
	EndGlobalSection
	GlobalSection(SolutionProperties) = preSolution
		HideSolutionNode = FALSE
	EndGlobalSection
	GlobalSection(ExtensibilityGlobals) = postSolution
		SolutionGuid = {4B5A26C9-68C1-49D9-9F32-AF907A1730C2}
	EndGlobalSection
EndGlobal
